
Microsoft Visual Studio Solution File, Format Version 12.00
# Visual Studio Version 17
VisualStudioVersion = 17.0.32002.185
MinimumVisualStudioVersion = 10.0.40219.1
Project("{9A19103F-16F7-4668-BE54-9A1E7A4F7556}") = "TodoCli", "TodoCli.csproj", "{5A72E8E5-C245-4E77-8D80-449F0087DBC1}"
EndProject
Project("{2150E333-8FDC-42A3-9474-1A3956D46DE8}") = "Solution Items", "Solution Items", "{3676585B-01C1-4CCB-B2A1-779CA5F7E77A}"
	ProjectSection(SolutionItems) = preProject
		.editorconfig = .editorconfig
	EndProjectSection
EndProject
Global
	GlobalSection(SolutionConfigurationPlatforms) = preSolution
		Debug|Any CPU = Debug|Any CPU
		Release|Any CPU = Release|Any CPU
	EndGlobalSection
	GlobalSection(ProjectConfigurationPlatforms) = postSolution
		{5A72E8E5-C245-4E77-8D80-449F0087DBC1}.Debug|Any CPU.ActiveCfg = Debug|Any CPU
		{5A72E8E5-C245-4E77-8D80-449F0087DBC1}.Debug|Any CPU.Build.0 = Debug|Any CPU
		{5A72E8E5-C245-4E77-8D80-449F0087DBC1}.Release|Any CPU.ActiveCfg = Release|Any CPU
		{5A72E8E5-C245-4E77-8D80-449F0087DBC1}.Release|Any CPU.Build.0 = Release|Any CPU
	EndGlobalSection
	GlobalSection(SolutionProperties) = preSolution
		HideSolutionNode = FALSE
	EndGlobalSection
	GlobalSection(ExtensibilityGlobals) = postSolution
		SolutionGuid = {4C63EA10-BDA9-43EE-9E38-12511557DF2D}
	EndGlobalSection
EndGlobal
